
Microsoft Visual Studio Solution File, Format Version 12.00
# Visual Studio Version 17
VisualStudioVersion = 17.8.34408.163
MinimumVisualStudioVersion = 10.0.40219.1
Project("{FAE04EC0-301F-11D3-BF4B-00C04F79EFBC}") = "Mitsubishi-PLC", "Mitsubishi-PLC\Mitsubishi-PLC.csproj", "{045A7824-DDA6-44CB-ABC5-922C36395DFA}"
EndProject
Global
	GlobalSection(SolutionConfigurationPlatforms) = preSolution
		Debug|Any CPU = Debug|Any CPU
		Release|Any CPU = Release|Any CPU
	EndGlobalSection
	GlobalSection(ProjectConfigurationPlatforms) = postSolution
		{045A7824-DDA6-44CB-ABC5-922C36395DFA}.Debug|Any CPU.ActiveCfg = Debug|Any CPU
		{045A7824-DDA6-44CB-ABC5-922C36395DFA}.Debug|Any CPU.Build.0 = Debug|Any CPU
		{045A7824-DDA6-44CB-ABC5-922C36395DFA}.Release|Any CPU.ActiveCfg = Release|Any CPU
		{045A7824-DDA6-44CB-ABC5-922C36395DFA}.Release|Any CPU.Build.0 = Release|Any CPU
	EndGlobalSection
	GlobalSection(SolutionProperties) = preSolution
		HideSolutionNode = FALSE
	EndGlobalSection
	GlobalSection(ExtensibilityGlobals) = postSolution
		SolutionGuid = {1CA16460-D2B5-4BB7-9030-A23A3D10B485}
	EndGlobalSection
EndGlobal
